{
  "nodes": {
    "blueprint": {
      "inputs": {
        "nixpkgs": [
          "llm-agents",
          "nixpkgs"
        ],
        "systems": "systems"
      },
      "locked": {
        "lastModified": 1769353768,
        "narHash": "sha256-zI+7cbMI4wMIR57jMjDSEsVb3grapTnURDxxJPYFIW0=",
        "owner": "numtide",
        "repo": "blueprint",
        "rev": "c7da5c70ad1c9b60b6f5d4f674fbe205d48d8f6c",
        "type": "github"
      },
      "original": {
        "owner": "numtide",
        "repo": "blueprint",
        "type": "github"
      }
    },
    "crane": {
      "locked": {
        "lastModified": 1731098351,
        "narHash": "sha256-HQkYvKvaLQqNa10KEFGgWHfMAbWBfFp+4cAgkut+NNE=",
        "owner": "ipetkov",
        "repo": "crane",
        "rev": "ef80ead953c1b28316cc3f8613904edc2eb90c28",
        "type": "github"
      },
      "original": {
        "owner": "ipetkov",
        "repo": "crane",
        "type": "github"
      }
    },
    "flake-compat": {
      "flake": false,
      "locked": {
        "lastModified": 1696426674,
        "narHash": "sha256-kvjfFW7WAETZlt09AgDn1MrtKzP7t90Vf7vypd3OL1U=",
        "owner": "edolstra",
        "repo": "flake-compat",
        "rev": "0f9255e01c2351cc7d116c072cb317785dd33b33",
        "type": "github"
      },
      "original": {
        "owner": "edolstra",
        "repo": "flake-compat",
        "type": "github"
      }
    },
    "flake-parts": {
      "inputs": {
        "nixpkgs-lib": [
          "lanzaboote",
          "nixpkgs"
        ]
      },
      "locked": {
        "lastModified": 1730504689,
        "narHash": "sha256-hgmguH29K2fvs9szpq2r3pz2/8cJd2LPS+b4tfNFCwE=",
        "owner": "hercules-ci",
        "repo": "flake-parts",
        "rev": "506278e768c2a08bec68eb62932193e341f55c90",
        "type": "github"
      },
      "original": {
        "owner": "hercules-ci",
        "repo": "flake-parts",
        "type": "github"
      }
    },
    "flake-utils": {
      "inputs": {
        "systems": "systems_2"
      },
      "locked": {
        "lastModified": 1681202837,
        "narHash": "sha256-H+Rh19JDwRtpVPAWp64F+rlEtxUWBAQW28eAi3SRSzg=",
        "owner": "numtide",
        "repo": "flake-utils",
        "rev": "cfacdce06f30d2b68473a46042957675eebb3401",
        "type": "github"
      },
      "original": {
        "owner": "numtide",
        "repo": "flake-utils",
        "type": "github"
      }
    },
    "gitignore": {
      "inputs": {
        "nixpkgs": [
          "lanzaboote",
          "pre-commit-hooks-nix",
          "nixpkgs"
        ]
      },
      "locked": {
        "lastModified": 1709087332,
        "narHash": "sha256-HG2cCnktfHsKV0s4XW83gU3F57gaTljL9KNSuG6bnQs=",
        "owner": "hercules-ci",
        "repo": "gitignore.nix",
        "rev": "637db329424fd7e46cf4185293b9cc8c88c95394",
        "type": "github"
      },
      "original": {
        "owner": "hercules-ci",
        "repo": "gitignore.nix",
        "type": "github"
      }
    },
    "home-manager": {
      "inputs": {
        "nixpkgs": [
          "nixpkgs"
        ]
      },
      "locked": {
        "lastModified": 1770164260,
        "narHash": "sha256-mQgOAYWlVJyuyXjZN6yxqXWyODvQI5P/UZUCU7IOuYo=",
        "owner": "nix-community",
        "repo": "home-manager",
        "rev": "4fda26500b4539e0a1e3afba9f0e1616bdad4f85",
        "type": "github"
      },
      "original": {
        "owner": "nix-community",
        "repo": "home-manager",
        "type": "github"
      }
    },
    "lanzaboote": {
      "inputs": {
        "crane": "crane",
        "flake-compat": "flake-compat",
        "flake-parts": "flake-parts",
        "nixpkgs": "nixpkgs",
        "pre-commit-hooks-nix": "pre-commit-hooks-nix",
        "rust-overlay": "rust-overlay"
      },
      "locked": {
        "lastModified": 1737639419,
        "narHash": "sha256-AEEDktApTEZ5PZXNDkry2YV2k6t0dTgLPEmAZbnigXU=",
        "owner": "nix-community",
        "repo": "lanzaboote",
        "rev": "a65905a09e2c43ff63be8c0e86a93712361f871e",
        "type": "github"
      },
      "original": {
        "owner": "nix-community",
        "ref": "v0.4.2",
        "repo": "lanzaboote",
        "type": "github"
      }
    },
    "llm-agents": {
      "inputs": {
        "blueprint": "blueprint",
        "nixpkgs": [
          "nixpkgs"
        ],
        "treefmt-nix": "treefmt-nix"
      },
      "locked": {
        "lastModified": 1770206918,
        "narHash": "sha256-fQn5PupZZChBfKe0aB2Tjgx8ZinLLGmZC2zcMeu6fZ0=",
        "owner": "numtide",
        "repo": "llm-agents.nix",
        "rev": "5a10cf55bcaf2edc337509de09785caeec9b9376",
        "type": "github"
      },
      "original": {
        "owner": "numtide",
        "repo": "llm-agents.nix",
        "type": "github"
      }
    },
    "nix-vscode-extensions": {
      "inputs": {
        "nixpkgs": [
          "nixpkgs"
        ]
      },
      "locked": {
        "lastModified": 1770172829,
        "narHash": "sha256-c8EA8r2/8Z4kuf2ETaBuhZmpxaZWOzt3p5SsEyGxZHI=",
        "owner": "nix-community",
        "repo": "nix-vscode-extensions",
        "rev": "8239c1145f39fe88dd1f2ed3db17b2e6e30beb2b",
        "type": "github"
      },
      "original": {
        "owner": "nix-community",
        "repo": "nix-vscode-extensions",
        "type": "github"
      }
    },
    "nixos-vscode-server": {
      "inputs": {
        "flake-utils": "flake-utils",
        "nixpkgs": [
          "nixpkgs"
        ]
      },
      "locked": {
        "lastModified": 1770124655,
        "narHash": "sha256-yHmd2B13EtBUPLJ+x0EaBwNkQr9LTne1arLVxT6hSnY=",
        "owner": "nix-community",
        "repo": "nixos-vscode-server",
        "rev": "92ce71c3ba5a94f854e02d57b14af4997ab54ef0",
        "type": "github"
      },
      "original": {
        "owner": "nix-community",
        "repo": "nixos-vscode-server",
        "type": "github"
      }
    },
    "nixpkgs": {
      "locked": {
        "lastModified": 1731919951,
        "narHash": "sha256-vOM6ETpl1yu9KLi/icTmLJIPbbdJCdAVYUXZceO/Ce4=",
        "owner": "NixOS",
        "repo": "nixpkgs",
        "rev": "04386ac325a813047fc314d4b4d838a5b1e3c7fe",
        "type": "github"
      },
      "original": {
        "owner": "NixOS",
        "ref": "nixos-unstable-small",
        "repo": "nixpkgs",
        "type": "github"
      }
    },
    "nixpkgs-stable": {
      "locked": {
        "lastModified": 1730741070,
        "narHash": "sha256-edm8WG19kWozJ/GqyYx2VjW99EdhjKwbY3ZwdlPAAlo=",
        "owner": "NixOS",
        "repo": "nixpkgs",
        "rev": "d063c1dd113c91ab27959ba540c0d9753409edf3",
        "type": "github"
      },
      "original": {
        "owner": "NixOS",
        "ref": "nixos-24.05",
        "repo": "nixpkgs",
        "type": "github"
      }
    },
    "nixpkgs_2": {
      "locked": {
        "lastModified": 1770115704,
        "narHash": "sha256-KHFT9UWOF2yRPlAnSXQJh6uVcgNcWlFqqiAZ7OVlHNc=",
        "owner": "NixOS",
        "repo": "nixpkgs",
        "rev": "e6eae2ee2110f3d31110d5c222cd395303343b08",
        "type": "github"
      },
      "original": {
        "owner": "NixOS",
        "ref": "nixos-unstable",
        "repo": "nixpkgs",
        "type": "github"
      }
    },
    "nur-vscode-latest": {
      "inputs": {
        "nixpkgs": [
          "nixpkgs"
        ]
      },
      "locked": {
        "lastModified": 1770176836,
        "narHash": "sha256-n+bn9OecWH/A5JVZThPzoJODDsSfFfy/h+QMivReHWE=",
        "owner": "tagawa0525",
        "repo": "nur-vscode-latest",
        "rev": "331c025f4e3d123ffc8f00e0f524ed5490d6eef7",
        "type": "github"
      },
      "original": {
        "owner": "tagawa0525",
        "repo": "nur-vscode-latest",
        "type": "github"
      }
    },
    "pre-commit-hooks-nix": {
      "inputs": {
        "flake-compat": [
          "lanzaboote",
          "flake-compat"
        ],
        "gitignore": "gitignore",
        "nixpkgs": [
          "lanzaboote",
          "nixpkgs"
        ],
        "nixpkgs-stable": "nixpkgs-stable"
      },
      "locked": {
        "lastModified": 1731363552,
        "narHash": "sha256-vFta1uHnD29VUY4HJOO/D6p6rxyObnf+InnSMT4jlMU=",
        "owner": "cachix",
        "repo": "pre-commit-hooks.nix",
        "rev": "cd1af27aa85026ac759d5d3fccf650abe7e1bbf0",
        "type": "github"
      },
      "original": {
        "owner": "cachix",
        "repo": "pre-commit-hooks.nix",
        "type": "github"
      }
    },
    "qmpo": {
      "inputs": {
        "nixpkgs": [
          "nixpkgs"
        ]
      },
      "locked": {
        "lastModified": 1770207045,
        "narHash": "sha256-/8Wt5BILn8hvOlK85xgVHBXnCdt3NQIln1BpyUiPtvs=",
        "owner": "tagawa0525",
        "repo": "qmpo",
        "rev": "63389719ac288b09795aaf56fe5ef3a5cea198a2",
        "type": "github"
      },
      "original": {
        "owner": "tagawa0525",
        "repo": "qmpo",
        "type": "github"
      }
    },
    "root": {
      "inputs": {
        "home-manager": "home-manager",
        "lanzaboote": "lanzaboote",
        "llm-agents": "llm-agents",
        "nix-vscode-extensions": "nix-vscode-extensions",
        "nixos-vscode-server": "nixos-vscode-server",
        "nixpkgs": "nixpkgs_2",
        "nur-vscode-latest": "nur-vscode-latest",
        "qmpo": "qmpo",
        "sops-nix": "sops-nix"
      }
    },
    "rust-overlay": {
      "inputs": {
        "nixpkgs": [
          "lanzaboote",
          "nixpkgs"
        ]
      },
      "locked": {
        "lastModified": 1731897198,
        "narHash": "sha256-Ou7vLETSKwmE/HRQz4cImXXJBr/k9gp4J4z/PF8LzTE=",
        "owner": "oxalica",
        "repo": "rust-overlay",
        "rev": "0be641045af6d8666c11c2c40e45ffc9667839b5",
        "type": "github"
      },
      "original": {
        "owner": "oxalica",
        "repo": "rust-overlay",
        "type": "github"
      }
    },
    "sops-nix": {
      "inputs": {
        "nixpkgs": [
          "nixpkgs"
        ]
      },
      "locked": {
        "lastModified": 1770145881,
        "narHash": "sha256-ktjWTq+D5MTXQcL9N6cDZXUf9kX8JBLLBLT0ZyOTSYY=",
        "owner": "Mic92",
        "repo": "sops-nix",
        "rev": "17eea6f3816ba6568b8c81db8a4e6ca438b30b7c",
        "type": "github"
      },
      "original": {
        "owner": "Mic92",
        "repo": "sops-nix",
        "type": "github"
      }
    },
    "systems": {
      "locked": {
        "lastModified": 1681028828,
        "narHash": "sha256-Vy1rq5AaRuLzOxct8nz4T6wlgyUR7zLU309k9mBC768=",
        "owner": "nix-systems",
        "repo": "default",
        "rev": "da67096a3b9bf56a91d16901293e51ba5b49a27e",
        "type": "github"
      },
      "original": {
        "owner": "nix-systems",
        "repo": "default",
        "type": "github"
      }
    },
    "systems_2": {
      "locked": {
        "lastModified": 1681028828,
        "narHash": "sha256-Vy1rq5AaRuLzOxct8nz4T6wlgyUR7zLU309k9mBC768=",
        "owner": "nix-systems",
        "repo": "default",
        "rev": "da67096a3b9bf56a91d16901293e51ba5b49a27e",
        "type": "github"
      },
      "original": {
        "owner": "nix-systems",
        "repo": "default",
        "type": "github"
      }
    },
    "treefmt-nix": {
      "inputs": {
        "nixpkgs": [
          "llm-agents",
          "nixpkgs"
        ]
      },
      "locked": {
        "lastModified": 1769691507,
        "narHash": "sha256-8aAYwyVzSSwIhP2glDhw/G0i5+wOrren3v6WmxkVonM=",
        "owner": "numtide",
        "repo": "treefmt-nix",
        "rev": "28b19c5844cc6e2257801d43f2772a4b4c050a1b",
        "type": "github"
      },
      "original": {
        "owner": "numtide",
        "repo": "treefmt-nix",
        "type": "github"
      }
    }
  },
  "root": "root",
  "version": 7
}
